
Microsoft Visual Studio Solution File, Format Version 12.00
# Visual Studio 14
VisualStudioVersion = 14.0.25123.0
MinimumVisualStudioVersion = 10.0.40219.1
Project("{FAE04EC0-301F-11D3-BF4B-00C04F79EFBC}") = "JoesCafeTestPlans", "JoesCafeTestPlans\JoesCafeTestPlans.csproj", "{FA488671-F577-4D0F-95B0-16C33B412755}"
EndProject
Project("{FAE04EC0-301F-11D3-BF4B-00C04F79EFBC}") = "JoesCafeLibrary", "JoesCafeLibrary\JoesCafeLibrary.csproj", "{7E3159E5-AC5D-4218-8A74-7E27ABEB96A5}"
EndProject
Global
	GlobalSection(SolutionConfigurationPlatforms) = preSolution
		Debug|Any CPU = Debug|Any CPU
		Debug|ARM = Debug|ARM
		Debug|x64 = Debug|x64
		Debug|x86 = Debug|x86
		Release|Any CPU = Release|Any CPU
		Release|ARM = Release|ARM
		Release|x64 = Release|x64
		Release|x86 = Release|x86
	EndGlobalSection
	GlobalSection(ProjectConfigurationPlatforms) = postSolution
		{FA488671-F577-4D0F-95B0-16C33B412755}.Debug|Any CPU.ActiveCfg = Debug|Any CPU
		{FA488671-F577-4D0F-95B0-16C33B412755}.Debug|Any CPU.Build.0 = Debug|Any CPU
		{FA488671-F577-4D0F-95B0-16C33B412755}.Debug|ARM.ActiveCfg = Debug|Any CPU
		{FA488671-F577-4D0F-95B0-16C33B412755}.Debug|ARM.Build.0 = Debug|Any CPU
		{FA488671-F577-4D0F-95B0-16C33B412755}.Debug|x64.ActiveCfg = Debug|Any CPU
		{FA488671-F577-4D0F-95B0-16C33B412755}.Debug|x64.Build.0 = Debug|Any CPU
		{FA488671-F577-4D0F-95B0-16C33B412755}.Debug|x86.ActiveCfg = Debug|Any CPU
		{FA488671-F577-4D0F-95B0-16C33B412755}.Debug|x86.Build.0 = Debug|Any CPU
		{FA488671-F577-4D0F-95B0-16C33B412755}.Release|Any CPU.ActiveCfg = Release|Any CPU
		{FA488671-F577-4D0F-95B0-16C33B412755}.Release|Any CPU.Build.0 = Release|Any CPU
		{FA488671-F577-4D0F-95B0-16C33B412755}.Release|ARM.ActiveCfg = Release|Any CPU
		{FA488671-F577-4D0F-95B0-16C33B412755}.Release|ARM.Build.0 = Release|Any CPU
		{FA488671-F577-4D0F-95B0-16C33B412755}.Release|x64.ActiveCfg = Release|Any CPU
		{FA488671-F577-4D0F-95B0-16C33B412755}.Release|x64.Build.0 = Release|Any CPU
		{FA488671-F577-4D0F-95B0-16C33B412755}.Release|x86.ActiveCfg = Release|Any CPU
		{FA488671-F577-4D0F-95B0-16C33B412755}.Release|x86.Build.0 = Release|Any CPU
		{7E3159E5-AC5D-4218-8A74-7E27ABEB96A5}.Debug|Any CPU.ActiveCfg = Debug|Any CPU
		{7E3159E5-AC5D-4218-8A74-7E27ABEB96A5}.Debug|Any CPU.Build.0 = Debug|Any CPU
		{7E3159E5-AC5D-4218-8A74-7E27ABEB96A5}.Debug|ARM.ActiveCfg = Debug|Any CPU
		{7E3159E5-AC5D-4218-8A74-7E27ABEB96A5}.Debug|ARM.Build.0 = Debug|Any CPU
		{7E3159E5-AC5D-4218-8A74-7E27ABEB96A5}.Debug|x64.ActiveCfg = Debug|Any CPU
		{7E3159E5-AC5D-4218-8A74-7E27ABEB96A5}.Debug|x64.Build.0 = Debug|Any CPU
		{7E3159E5-AC5D-4218-8A74-7E27ABEB96A5}.Debug|x86.ActiveCfg = Debug|Any CPU
		{7E3159E5-AC5D-4218-8A74-7E27ABEB96A5}.Debug|x86.Build.0 = Debug|Any CPU
		{7E3159E5-AC5D-4218-8A74-7E27ABEB96A5}.Release|Any CPU.ActiveCfg = Release|Any CPU
		{7E3159E5-AC5D-4218-8A74-7E27ABEB96A5}.Release|Any CPU.Build.0 = Release|Any CPU
		{7E3159E5-AC5D-4218-8A74-7E27ABEB96A5}.Release|ARM.ActiveCfg = Release|Any CPU
		{7E3159E5-AC5D-4218-8A74-7E27ABEB96A5}.Release|ARM.Build.0 = Release|Any CPU
		{7E3159E5-AC5D-4218-8A74-7E27ABEB96A5}.Release|x64.ActiveCfg = Release|Any CPU
		{7E3159E5-AC5D-4218-8A74-7E27ABEB96A5}.Release|x64.Build.0 = Release|Any CPU
		{7E3159E5-AC5D-4218-8A74-7E27ABEB96A5}.Release|x86.ActiveCfg = Release|Any CPU
		{7E3159E5-AC5D-4218-8A74-7E27ABEB96A5}.Release|x86.Build.0 = Release|Any CPU
	EndGlobalSection
	GlobalSection(SolutionProperties) = preSolution
		HideSolutionNode = FALSE
	EndGlobalSection
EndGlobal
